lockfileVersion: 5.4

importers:

  .:
    specifiers:
      a: workspace:*
      dayjs: ^1.11.7
    dependencies:
      a: link:packages/a
      dayjs: 1.11.7

  packages/a:
    specifiers: {}

packages:

  /dayjs/1.11.7:
    resolution: {integrity: sha512-+Yw9U6YO5TQohxLcIkrXBeY73WP3ejHWVvx8XCk3gxvQDCTEmS48ZrSZCKciI7Bhl/uCMyxYtE9UqRILmFphkQ==}
    dev: false
